
Microsoft Visual Studio Solution File, Format Version 12.00
# Visual Studio 15
VisualStudioVersion = 15.0.27130.2027
MinimumVisualStudioVersion = 10.0.40219.1
Project("{FAE04EC0-301F-11D3-BF4B-00C04F79EFBC}") = "Derek4", "Derek4\Derek4.csproj", "{84DCC5B8-0FB2-4C08-BD3B-33BC58EA5ECE}"
EndProject
Global
	GlobalSection(SolutionConfigurationPlatforms) = preSolution
		Debug|Any CPU = Debug|Any CPU
		Release|Any CPU = Release|Any CPU
	EndGlobalSection
	GlobalSection(ProjectConfigurationPlatforms) = postSolution
		{84DCC5B8-0FB2-4C08-BD3B-33BC58EA5ECE}.Debug|Any CPU.ActiveCfg = Debug|Any CPU
		{84DCC5B8-0FB2-4C08-BD3B-33BC58EA5ECE}.Debug|Any CPU.Build.0 = Debug|Any CPU
		{84DCC5B8-0FB2-4C08-BD3B-33BC58EA5ECE}.Release|Any CPU.ActiveCfg = Release|Any CPU
		{84DCC5B8-0FB2-4C08-BD3B-33BC58EA5ECE}.Release|Any CPU.Build.0 = Release|Any CPU
	EndGlobalSection
	GlobalSection(SolutionProperties) = preSolution
		HideSolutionNode = FALSE
	EndGlobalSection
	GlobalSection(ExtensibilityGlobals) = postSolution
		SolutionGuid = {D370993E-7FFA-4681-956C-10D696FDD9A2}
	EndGlobalSection
EndGlobal
